// !$*UTF8*$!
{
	archiveVersion = 1;
	classes = {
	};
	objectVersion = 56;
	objects = {

/* Begin PBXBuildFile section */
		440191FD2FCDAF9600679902 /* SleepLock-InfoPlist.xcstrings in Resources */ = {isa = PBXBuildFile; fileRef = 440191FC2FCDAF9600679902 /* SleepLock-InfoPlist.xcstrings */; };
		440191FF2FCDAF9600679902 /* SleepLockWidgets-InfoPlist.xcstrings in Resources */ = {isa = PBXBuildFile; fileRef = 440191FE2FCDAF9600679902 /* SleepLockWidgets-InfoPlist.xcstrings */; };
		A10000000000000000000001 /* SleepLockApp.swift in Sources */ = {isa = PBXBuildFile; fileRef = B10000000000000000000001 /* SleepLockApp.swift */; };
		A10000000000000000000002 /* RootView.swift in Sources */ = {isa = PBXBuildFile; fileRef = B10000000000000000000002 /* RootView.swift */; };
		A10000000000000000000003 /* MainTabView.swift in Sources */ = {isa = PBXBuildFile; fileRef = B10000000000000000000003 /* MainTabView.swift */; };
		A10000000000000000000004 /* SleepModels.swift in Sources */ = {isa = PBXBuildFile; fileRef = B10000000000000000000004 /* SleepModels.swift */; };
		A10000000000000000000005 /* OnboardingContainerView.swift in Sources */ = {isa = PBXBuildFile; fileRef = B10000000000000000000005 /* OnboardingContainerView.swift */; };
		A10000000000000000000006 /* SplashScreen.swift in Sources */ = {isa = PBXBuildFile; fileRef = B10000000000000000000006 /* SplashScreen.swift */; };
		A10000000000000000000007 /* NameEntryScreen.swift in Sources */ = {isa = PBXBuildFile; fileRef = B10000000000000000000007 /* NameEntryScreen.swift */; };
		A10000000000000000000008 /* SleepHabitsScreen.swift in Sources */ = {isa = PBXBuildFile; fileRef = B10000000000000000000008 /* SleepHabitsScreen.swift */; };
		A10000000000000000000009 /* BedtimePickerScreen.swift in Sources */ = {isa = PBXBuildFile; fileRef = B10000000000000000000009 /* BedtimePickerScreen.swift */; };
		A1000000000000000000000A /* BlockersScreen.swift in Sources */ = {isa = PBXBuildFile; fileRef = B1000000000000000000000A /* BlockersScreen.swift */; };
		A1000000000000000000000B /* CraftingRoutineScreen.swift in Sources */ = {isa = PBXBuildFile; fileRef = B1000000000000000000000B /* CraftingRoutineScreen.swift */; };
		A1000000000000000000000C /* PaywallView.swift in Sources */ = {isa = PBXBuildFile; fileRef = B1000000000000000000000C /* PaywallView.swift */; };
		A1000000000000000000000D /* DashboardView.swift in Sources */ = {isa = PBXBuildFile; fileRef = B1000000000000000000000D /* DashboardView.swift */; };
		A1000000000000000000000E /* DailyLoggerView.swift in Sources */ = {isa = PBXBuildFile; fileRef = B1000000000000000000000E /* DailyLoggerView.swift */; };
		A1000000000000000000000F /* StreakCalendarView.swift in Sources */ = {isa = PBXBuildFile; fileRef = B1000000000000000000000F /* StreakCalendarView.swift */; };
		A10000000000000000000010 /* ProgressChartsView.swift in Sources */ = {isa = PBXBuildFile; fileRef = B10000000000000000000010 /* ProgressChartsView.swift */; };
		A10000000000000000000011 /* RoutineBuilderView.swift in Sources */ = {isa = PBXBuildFile; fileRef = B10000000000000000000011 /* RoutineBuilderView.swift */; };
		A10000000000000000000012 /* SettingsView.swift in Sources */ = {isa = PBXBuildFile; fileRef = B10000000000000000000012 /* SettingsView.swift */; };
		A10000000000000000000013 /* SleepStreakService.swift in Sources */ = {isa = PBXBuildFile; fileRef = B10000000000000000000013 /* SleepStreakService.swift */; };
		A10000000000000000000014 /* NotificationService.swift in Sources */ = {isa = PBXBuildFile; fileRef = B10000000000000000000014 /* NotificationService.swift */; };
		A10000000000000000000015 /* PurchaseService.swift in Sources */ = {isa = PBXBuildFile; fileRef = B10000000000000000000015 /* PurchaseService.swift */; };
		A10000000000000000000016 /* SLTheme.swift in Sources */ = {isa = PBXBuildFile; fileRef = B10000000000000000000016 /* SLTheme.swift */; };
		A10000000000000000000017 /* SLComponents.swift in Sources */ = {isa = PBXBuildFile; fileRef = B10000000000000000000017 /* SLComponents.swift */; };
		A10000000000000000000018 /* DateExtensions.swift in Sources */ = {isa = PBXBuildFile; fileRef = B10000000000000000000018 /* DateExtensions.swift */; };
		A10000000000000000000019 /* Assets.xcassets in Resources */ = {isa = PBXBuildFile; fileRef = B10000000000000000000019 /* Assets.xcassets */; };
		A10000000000000000000020 /* SleepLockWidgets.swift in Sources */ = {isa = PBXBuildFile; fileRef = B10000000000000000000020 /* SleepLockWidgets.swift */; };
		A10000000000000000000021 /* SleepLockWidgets.appex in Embed Foundation Extensions */ = {isa = PBXBuildFile; fileRef = D10000000000000000000002 /* SleepLockWidgets.appex */; settings = {ATTRIBUTES = (RemoveHeadersOnCopy, ); }; };
		A10000000000000000000022 /* Assets.xcassets in Resources */ = {isa = PBXBuildFile; fileRef = B10000000000000000000022 /* Assets.xcassets */; };
		A10000000000000000000023 /* GamificationModels.swift in Sources */ = {isa = PBXBuildFile; fileRef = B10000000000000000000023 /* GamificationModels.swift */; };
		A10000000000000000000024 /* GamificationService.swift in Sources */ = {isa = PBXBuildFile; fileRef = B10000000000000000000024 /* GamificationService.swift */; };
		A10000000000000000000025 /* HapticFeedbackEngine.swift in Sources */ = {isa = PBXBuildFile; fileRef = B10000000000000000000025 /* HapticFeedbackEngine.swift */; };
		A10000000000000000000026 /* GamificationDashboardView.swift in Sources */ = {isa = PBXBuildFile; fileRef = B10000000000000000000026 /* GamificationDashboardView.swift */; };
		A100000000000000000000DS /* DemoSeeder.swift in Sources */ = {isa = PBXBuildFile; fileRef = B100000000000000000000DS /* DemoSeeder.swift */; };
		A1000000000000000000LCAT /* Localizable.xcstrings in Resources */ = {isa = PBXBuildFile; fileRef = B1000000000000000000LCAT /* Localizable.xcstrings */; };
		A1000000000000000000PGAT /* PremiumGate.swift in Sources */ = {isa = PBXBuildFile; fileRef = B1000000000000000000PGAT /* PremiumGate.swift */; };
		A100000000000000000LCATW /* Localizable.xcstrings in Resources */ = {isa = PBXBuildFile; fileRef = B100000000000000000LCATW /* Localizable.xcstrings */; };
		A100000000000000000SNPA /* SharedSnapshot.swift in Sources */ = {isa = PBXBuildFile; fileRef = B100000000000000000SNAP /* SharedSnapshot.swift */; };
		A100000000000000000SNPW /* SharedSnapshot.swift in Sources */ = {isa = PBXBuildFile; fileRef = B100000000000000000SNAP /* SharedSnapshot.swift */; };
		AA0000000000000000000001 /* RevenueCat in Frameworks */ = {isa = PBXBuildFile; productRef = AC0000000000000000000001 /* RevenueCat */; };
/* End PBXBuildFile section */

/* Begin PBXContainerItemProxy section */
		E10000000000000000000001 /* PBXContainerItemProxy */ = {
			isa = PBXContainerItemProxy;
			containerPortal = C10000000000000000000001 /* Project object */;
			proxyType = 1;
			remoteGlobalIDString = D10000000000000000000001;
			remoteInfo = SleepLockWidgets;
		};
/* End PBXContainerItemProxy section */

/* Begin PBXCopyFilesBuildPhase section */
		F10000000000000000000001 /* Embed Foundation Extensions */ = {
			isa = PBXCopyFilesBuildPhase;
			buildActionMask = 2147483647;
			dstPath = "";
			dstSubfolderSpec = 13;
			files = (
				A10000000000000000000021 /* SleepLockWidgets.appex in Embed Foundation Extensions */,
			);
			name = "Embed Foundation Extensions";
			runOnlyForDeploymentPostprocessing = 0;
		};
/* End PBXCopyFilesBuildPhase section */

/* Begin PBXFileReference section */
		440191FC2FCDAF9600679902 /* SleepLock-InfoPlist.xcstrings */ = {isa = PBXFileReference; lastKnownFileType = text.json.xcstrings; path = "SleepLock-InfoPlist.xcstrings"; sourceTree = "<group>"; };
		440191FE2FCDAF9600679902 /* SleepLockWidgets-InfoPlist.xcstrings */ = {isa = PBXFileReference; lastKnownFileType = text.json.xcstrings; path = "SleepLockWidgets-InfoPlist.xcstrings"; sourceTree = "<group>"; };
		B10000000000000000000001 /* SleepLockApp.swift */ = {isa = PBXFileReference; lastKnownFileType = sourcecode.swift; path = SleepLockApp.swift; sourceTree = "<group>"; };
		B10000000000000000000002 /* RootView.swift */ = {isa = PBXFileReference; lastKnownFileType = sourcecode.swift; path = RootView.swift; sourceTree = "<group>"; };
		B10000000000000000000003 /* MainTabView.swift */ = {isa = PBXFileReference; lastKnownFileType = sourcecode.swift; path = MainTabView.swift; sourceTree = "<group>"; };
		B10000000000000000000004 /* SleepModels.swift */ = {isa = PBXFileReference; lastKnownFileType = sourcecode.swift; path = SleepModels.swift; sourceTree = "<group>"; };
		B10000000000000000000005 /* OnboardingContainerView.swift */ = {isa = PBXFileReference; lastKnownFileType = sourcecode.swift; path = OnboardingContainerView.swift; sourceTree = "<group>"; };
		B10000000000000000000006 /* SplashScreen.swift */ = {isa = PBXFileReference; lastKnownFileType = sourcecode.swift; path = SplashScreen.swift; sourceTree = "<group>"; };
		B10000000000000000000007 /* NameEntryScreen.swift */ = {isa = PBXFileReference; lastKnownFileType = sourcecode.swift; path = NameEntryScreen.swift; sourceTree = "<group>"; };
		B10000000000000000000008 /* SleepHabitsScreen.swift */ = {isa = PBXFileReference; lastKnownFileType = sourcecode.swift; path = SleepHabitsScreen.swift; sourceTree = "<group>"; };
		B10000000000000000000009 /* BedtimePickerScreen.swift */ = {isa = PBXFileReference; lastKnownFileType = sourcecode.swift; path = BedtimePickerScreen.swift; sourceTree = "<group>"; };
		B1000000000000000000000A /* BlockersScreen.swift */ = {isa = PBXFileReference; lastKnownFileType = sourcecode.swift; path = BlockersScreen.swift; sourceTree = "<group>"; };
		B1000000000000000000000B /* CraftingRoutineScreen.swift */ = {isa = PBXFileReference; lastKnownFileType = sourcecode.swift; path = CraftingRoutineScreen.swift; sourceTree = "<group>"; };
		B1000000000000000000000C /* PaywallView.swift */ = {isa = PBXFileReference; lastKnownFileType = sourcecode.swift; path = PaywallView.swift; sourceTree = "<group>"; };
		B1000000000000000000000D /* DashboardView.swift */ = {isa = PBXFileReference; lastKnownFileType = sourcecode.swift; path = DashboardView.swift; sourceTree = "<group>"; };
		B1000000000000000000000E /* DailyLoggerView.swift */ = {isa = PBXFileReference; lastKnownFileType = sourcecode.swift; path = DailyLoggerView.swift; sourceTree = "<group>"; };
		B1000000000000000000000F /* StreakCalendarView.swift */ = {isa = PBXFileReference; lastKnownFileType = sourcecode.swift; path = StreakCalendarView.swift; sourceTree = "<group>"; };
		B10000000000000000000010 /* ProgressChartsView.swift */ = {isa = PBXFileReference; lastKnownFileType = sourcecode.swift; path = ProgressChartsView.swift; sourceTree = "<group>"; };
		B10000000000000000000011 /* RoutineBuilderView.swift */ = {isa = PBXFileReference; lastKnownFileType = sourcecode.swift; path = RoutineBuilderView.swift; sourceTree = "<group>"; };
		B10000000000000000000012 /* SettingsView.swift */ = {isa = PBXFileReference; lastKnownFileType = sourcecode.swift; path = SettingsView.swift; sourceTree = "<group>"; };
		B10000000000000000000013 /* SleepStreakService.swift */ = {isa = PBXFileReference; lastKnownFileType = sourcecode.swift; path = SleepStreakService.swift; sourceTree = "<group>"; };
		B10000000000000000000014 /* NotificationService.swift */ = {isa = PBXFileReference; lastKnownFileType = sourcecode.swift; path = NotificationService.swift; sourceTree = "<group>"; };
		B10000000000000000000015 /* PurchaseService.swift */ = {isa = PBXFileReference; lastKnownFileType = sourcecode.swift; path = PurchaseService.swift; sourceTree = "<group>"; };
		B10000000000000000000016 /* SLTheme.swift */ = {isa = PBXFileReference; lastKnownFileType = sourcecode.swift; path = SLTheme.swift; sourceTree = "<group>"; };
		B10000000000000000000017 /* SLComponents.swift */ = {isa = PBXFileReference; lastKnownFileType = sourcecode.swift; path = SLComponents.swift; sourceTree = "<group>"; };
		B10000000000000000000018 /* DateExtensions.swift */ = {isa = PBXFileReference; lastKnownFileType = sourcecode.swift; path = DateExtensions.swift; sourceTree = "<group>"; };
		B10000000000000000000019 /* Assets.xcassets */ = {isa = PBXFileReference; lastKnownFileType = folder.assetcatalog; path = Assets.xcassets; sourceTree = "<group>"; };
		B10000000000000000000020 /* SleepLockWidgets.swift */ = {isa = PBXFileReference; lastKnownFileType = sourcecode.swift; path = SleepLockWidgets.swift; sourceTree = "<group>"; };
		B10000000000000000000022 /* Assets.xcassets */ = {isa = PBXFileReference; lastKnownFileType = folder.assetcatalog; path = Assets.xcassets; sourceTree = "<group>"; };
		B10000000000000000000023 /* GamificationModels.swift */ = {isa = PBXFileReference; lastKnownFileType = sourcecode.swift; path = GamificationModels.swift; sourceTree = "<group>"; };
		B10000000000000000000024 /* GamificationService.swift */ = {isa = PBXFileReference; lastKnownFileType = sourcecode.swift; path = GamificationService.swift; sourceTree = "<group>"; };
		B10000000000000000000025 /* HapticFeedbackEngine.swift */ = {isa = PBXFileReference; lastKnownFileType = sourcecode.swift; path = HapticFeedbackEngine.swift; sourceTree = "<group>"; };
		B10000000000000000000026 /* GamificationDashboardView.swift */ = {isa = PBXFileReference; lastKnownFileType = sourcecode.swift; path = GamificationDashboardView.swift; sourceTree = "<group>"; };
		B100000000000000000000DS /* DemoSeeder.swift */ = {isa = PBXFileReference; lastKnownFileType = sourcecode.swift; path = DemoSeeder.swift; sourceTree = "<group>"; };
		B1000000000000000000LCAT /* Localizable.xcstrings */ = {isa = PBXFileReference; lastKnownFileType = text.json.xcstrings; path = Localizable.xcstrings; sourceTree = "<group>"; };
		B1000000000000000000PGAT /* PremiumGate.swift */ = {isa = PBXFileReference; lastKnownFileType = sourcecode.swift; path = PremiumGate.swift; sourceTree = "<group>"; };
		B100000000000000000LCATW /* Localizable.xcstrings */ = {isa = PBXFileReference; lastKnownFileType = text.json.xcstrings; path = Localizable.xcstrings; sourceTree = "<group>"; };
		B100000000000000000SNAP /* SharedSnapshot.swift */ = {isa = PBXFileReference; lastKnownFileType = sourcecode.swift; path = SharedSnapshot.swift; sourceTree = "<group>"; };
		D10000000000000000000001 /* SleepLock.app */ = {isa = PBXFileReference; explicitFileType = wrapper.application; includeInIndex = 0; path = SleepLock.app; sourceTree = BUILT_PRODUCTS_DIR; };
		D10000000000000000000002 /* SleepLockWidgets.appex */ = {isa = PBXFileReference; explicitFileType = "wrapper.app-extension"; includeInIndex = 0; path = SleepLockWidgets.appex; sourceTree = BUILT_PRODUCTS_DIR; };
/* End PBXFileReference section */

/* Begin PBXFrameworksBuildPhase section */
		F20000000000000000000001 /* Frameworks */ = {
			isa = PBXFrameworksBuildPhase;
			buildActionMask = 2147483647;
			files = (
				AA0000000000000000000001 /* RevenueCat in Frameworks */,
			);
			runOnlyForDeploymentPostprocessing = 0;
		};
		F20000000000000000000002 /* Frameworks */ = {
			isa = PBXFrameworksBuildPhase;
			buildActionMask = 2147483647;
			files = (
			);
			runOnlyForDeploymentPostprocessing = 0;
		};
/* End PBXFrameworksBuildPhase section */

/* Begin PBXGroup section */
		C20000000000000000000001 = {
			isa = PBXGroup;
			children = (
				C20000000000000000000002 /* SleepLock */,
				C20000000000000000000010 /* SleepLockWidgets */,
				C20000000000000000000011 /* Products */,
			);
			sourceTree = "<group>";
		};
		C20000000000000000000002 /* SleepLock */ = {
			isa = PBXGroup;
			children = (
				C20000000000000000000003 /* App */,
				C20000000000000000000004 /* Models */,
				C20000000000000000000005 /* Views */,
				C20000000000000000000009 /* Services */,
				C2000000000000000000000A /* Theme */,
				C2000000000000000000000B /* Extensions */,
				B10000000000000000000019 /* Assets.xcassets */,
				B1000000000000000000LCAT /* Localizable.xcstrings */,
				440191FC2FCDAF9600679902 /* SleepLock-InfoPlist.xcstrings */,
			);
			path = SleepLock;
			sourceTree = "<group>";
		};
		C20000000000000000000003 /* App */ = {
			isa = PBXGroup;
			children = (
				B10000000000000000000001 /* SleepLockApp.swift */,
				B100000000000000000000DS /* DemoSeeder.swift */,
				B10000000000000000000002 /* RootView.swift */,
				B10000000000000000000003 /* MainTabView.swift */,
			);
			path = App;
			sourceTree = "<group>";
		};
		C20000000000000000000004 /* Models */ = {
			isa = PBXGroup;
			children = (
				B10000000000000000000004 /* SleepModels.swift */,
				B10000000000000000000023 /* GamificationModels.swift */,
			);
			path = Models;
			sourceTree = "<group>";
		};
		C20000000000000000000005 /* Views */ = {
			isa = PBXGroup;
			children = (
				C20000000000000000000006 /* Onboarding */,
				C20000000000000000000007 /* Paywall */,
				C20000000000000000000008 /* Main */,
			);
			path = Views;
			sourceTree = "<group>";
		};
		C20000000000000000000006 /* Onboarding */ = {
			isa = PBXGroup;
			children = (
				B10000000000000000000005 /* OnboardingContainerView.swift */,
				B10000000000000000000006 /* SplashScreen.swift */,
				B10000000000000000000007 /* NameEntryScreen.swift */,
				B10000000000000000000008 /* SleepHabitsScreen.swift */,
				B10000000000000000000009 /* BedtimePickerScreen.swift */,
				B1000000000000000000000A /* BlockersScreen.swift */,
				B1000000000000000000000B /* CraftingRoutineScreen.swift */,
			);
			path = Onboarding;
			sourceTree = "<group>";
		};
		C20000000000000000000007 /* Paywall */ = {
			isa = PBXGroup;
			children = (
				B1000000000000000000000C /* PaywallView.swift */,
			);
			path = Paywall;
			sourceTree = "<group>";
		};
		C20000000000000000000008 /* Main */ = {
			isa = PBXGroup;
			children = (
				B1000000000000000000000D /* DashboardView.swift */,
				B1000000000000000000000E /* DailyLoggerView.swift */,
				B1000000000000000000000F /* StreakCalendarView.swift */,
				B10000000000000000000010 /* ProgressChartsView.swift */,
				B10000000000000000000011 /* RoutineBuilderView.swift */,
				B10000000000000000000012 /* SettingsView.swift */,
				B10000000000000000000026 /* GamificationDashboardView.swift */,
			);
			path = Main;
			sourceTree = "<group>";
		};
		C20000000000000000000009 /* Services */ = {
			isa = PBXGroup;
			children = (
				B10000000000000000000013 /* SleepStreakService.swift */,
				B10000000000000000000014 /* NotificationService.swift */,
				B10000000000000000000015 /* PurchaseService.swift */,
				B1000000000000000000PGAT /* PremiumGate.swift */,
				B100000000000000000SNAP /* SharedSnapshot.swift */,
				B10000000000000000000024 /* GamificationService.swift */,
				B10000000000000000000025 /* HapticFeedbackEngine.swift */,
			);
			path = Services;
			sourceTree = "<group>";
		};
		C2000000000000000000000A /* Theme */ = {
			isa = PBXGroup;
			children = (
				B10000000000000000000016 /* SLTheme.swift */,
				B10000000000000000000017 /* SLComponents.swift */,
			);
			path = Theme;
			sourceTree = "<group>";
		};
		C2000000000000000000000B /* Extensions */ = {
			isa = PBXGroup;
			children = (
				B10000000000000000000018 /* DateExtensions.swift */,
			);
			path = Extensions;
			sourceTree = "<group>";
		};
		C20000000000000000000010 /* SleepLockWidgets */ = {
			isa = PBXGroup;
			children = (
				B10000000000000000000020 /* SleepLockWidgets.swift */,
				B10000000000000000000022 /* Assets.xcassets */,
				B100000000000000000LCATW /* Localizable.xcstrings */,
				440191FE2FCDAF9600679902 /* SleepLockWidgets-InfoPlist.xcstrings */,
			);
			path = SleepLockWidgets;
			sourceTree = "<group>";
		};
		C20000000000000000000011 /* Products */ = {
			isa = PBXGroup;
			children = (
				D10000000000000000000001 /* SleepLock.app */,
				D10000000000000000000002 /* SleepLockWidgets.appex */,
			);
			name = Products;
			sourceTree = "<group>";
		};
/* End PBXGroup section */

/* Begin PBXNativeTarget section */
		D30000000000000000000001 /* SleepLock */ = {
			isa = PBXNativeTarget;
			buildConfigurationList = D40000000000000000000001 /* Build configuration list for PBXNativeTarget "SleepLock" */;
			buildPhases = (
				F30000000000000000000001 /* Sources */,
				F20000000000000000000001 /* Frameworks */,
				F40000000000000000000001 /* Resources */,
				F10000000000000000000001 /* Embed Foundation Extensions */,
			);
			buildRules = (
			);
			dependencies = (
				E20000000000000000000001 /* PBXTargetDependency */,
			);
			name = SleepLock;
			packageProductDependencies = (
				AC0000000000000000000001 /* RevenueCat */,
			);
			productName = SleepLock;
			productReference = D10000000000000000000001 /* SleepLock.app */;
			productType = "com.apple.product-type.application";
		};
		D30000000000000000000002 /* SleepLockWidgets */ = {
			isa = PBXNativeTarget;
			buildConfigurationList = D40000000000000000000002 /* Build configuration list for PBXNativeTarget "SleepLockWidgets" */;
			buildPhases = (
				F30000000000000000000002 /* Sources */,
				F20000000000000000000002 /* Frameworks */,
				F40000000000000000000002 /* Resources */,
			);
			buildRules = (
			);
			dependencies = (
			);
			name = SleepLockWidgets;
			productName = SleepLockWidgets;
			productReference = D10000000000000000000002 /* SleepLockWidgets.appex */;
			productType = "com.apple.product-type.app-extension";
		};
/* End PBXNativeTarget section */

/* Begin PBXProject section */
		C10000000000000000000001 /* Project object */ = {
			isa = PBXProject;
			attributes = {
				BuildIndependentTargetsInParallel = 1;
				LastSwiftUpdateCheck = 1600;
				LastUpgradeCheck = 1600;
				ORGANIZATIONNAME = SleepLock;
				TargetAttributes = {
					D30000000000000000000001 = {
						CreatedOnToolsVersion = 16.0;
					};
					D30000000000000000000002 = {
						CreatedOnToolsVersion = 16.0;
					};
				};
			};
			buildConfigurationList = D40000000000000000000003 /* Build configuration list for PBXProject "SleepLock" */;
			compatibilityVersion = "Xcode 14.0";
			developmentRegion = en;
			hasScannedForEncodings = 0;
			knownRegions = (
				en,
				Base,
				ja,
				ko,
				de,
				nl,
				sv,
			);
			mainGroup = C20000000000000000000001;
			packageReferences = (
				AB0000000000000000000001 /* XCRemoteSwiftPackageReference "purchases-ios" */,
			);
			productRefGroup = C20000000000000000000011 /* Products */;
			projectDirPath = "";
			projectRoot = "";
			targets = (
				D30000000000000000000001 /* SleepLock */,
				D30000000000000000000002 /* SleepLockWidgets */,
			);
		};
/* End PBXProject section */

/* Begin PBXResourcesBuildPhase section */
		F40000000000000000000001 /* Resources */ = {
			isa = PBXResourcesBuildPhase;
			buildActionMask = 2147483647;
			files = (
				A10000000000000000000019 /* Assets.xcassets in Resources */,
				A1000000000000000000LCAT /* Localizable.xcstrings in Resources */,
				440191FD2FCDAF9600679902 /* SleepLock-InfoPlist.xcstrings in Resources */,
			);
			runOnlyForDeploymentPostprocessing = 0;
		};
		F40000000000000000000002 /* Resources */ = {
			isa = PBXResourcesBuildPhase;
			buildActionMask = 2147483647;
			files = (
				A10000000000000000000022 /* Assets.xcassets in Resources */,
				A100000000000000000LCATW /* Localizable.xcstrings in Resources */,
				440191FF2FCDAF9600679902 /* SleepLockWidgets-InfoPlist.xcstrings in Resources */,
			);
			runOnlyForDeploymentPostprocessing = 0;
		};
/* End PBXResourcesBuildPhase section */

/* Begin PBXSourcesBuildPhase section */
		F30000000000000000000001 /* Sources */ = {
			isa = PBXSourcesBuildPhase;
			buildActionMask = 2147483647;
			files = (
				A10000000000000000000001 /* SleepLockApp.swift in Sources */,
				A100000000000000000000DS /* DemoSeeder.swift in Sources */,
				A10000000000000000000002 /* RootView.swift in Sources */,
				A10000000000000000000003 /* MainTabView.swift in Sources */,
				A10000000000000000000004 /* SleepModels.swift in Sources */,
				A10000000000000000000023 /* GamificationModels.swift in Sources */,
				A10000000000000000000005 /* OnboardingContainerView.swift in Sources */,
				A10000000000000000000006 /* SplashScreen.swift in Sources */,
				A10000000000000000000007 /* NameEntryScreen.swift in Sources */,
				A10000000000000000000008 /* SleepHabitsScreen.swift in Sources */,
				A10000000000000000000009 /* BedtimePickerScreen.swift in Sources */,
				A1000000000000000000000A /* BlockersScreen.swift in Sources */,
				A1000000000000000000000B /* CraftingRoutineScreen.swift in Sources */,
				A1000000000000000000000C /* PaywallView.swift in Sources */,
				A1000000000000000000000D /* DashboardView.swift in Sources */,
				A1000000000000000000000E /* DailyLoggerView.swift in Sources */,
				A1000000000000000000000F /* StreakCalendarView.swift in Sources */,
				A10000000000000000000010 /* ProgressChartsView.swift in Sources */,
				A10000000000000000000011 /* RoutineBuilderView.swift in Sources */,
				A10000000000000000000012 /* SettingsView.swift in Sources */,
				A10000000000000000000026 /* GamificationDashboardView.swift in Sources */,
				A10000000000000000000013 /* SleepStreakService.swift in Sources */,
				A10000000000000000000024 /* GamificationService.swift in Sources */,
				A10000000000000000000014 /* NotificationService.swift in Sources */,
				A10000000000000000000015 /* PurchaseService.swift in Sources */,
				A1000000000000000000PGAT /* PremiumGate.swift in Sources */,
				A100000000000000000SNPA /* SharedSnapshot.swift in Sources */,
				A10000000000000000000025 /* HapticFeedbackEngine.swift in Sources */,
				A10000000000000000000016 /* SLTheme.swift in Sources */,
				A10000000000000000000017 /* SLComponents.swift in Sources */,
				A10000000000000000000018 /* DateExtensions.swift in Sources */,
			);
			runOnlyForDeploymentPostprocessing = 0;
		};
		F30000000000000000000002 /* Sources */ = {
			isa = PBXSourcesBuildPhase;
			buildActionMask = 2147483647;
			files = (
				A10000000000000000000020 /* SleepLockWidgets.swift in Sources */,
				A100000000000000000SNPW /* SharedSnapshot.swift in Sources */,
			);
			runOnlyForDeploymentPostprocessing = 0;
		};
/* End PBXSourcesBuildPhase section */

/* Begin PBXTargetDependency section */
		E20000000000000000000001 /* PBXTargetDependency */ = {
			isa = PBXTargetDependency;
			target = D10000000000000000000001 /* SleepLock.app */;
			targetProxy = E10000000000000000000001 /* PBXContainerItemProxy */;
		};
/* End PBXTargetDependency section */

/* Begin XCBuildConfiguration section */
		CC0000000000000000000001 /* Debug */ = {
			isa = XCBuildConfiguration;
			buildSettings = {
				ALWAYS_SEARCH_USER_PATHS = NO;
				ASSETCATALOG_COMPILER_GENERATE_SWIFT_ASSET_SYMBOL_EXTENSIONS = YES;
				CLANG_ANALYZER_NONNULL = YES;
				CLANG_ANALYZER_NUMBER_OBJECT_CONVERSION = YES_AGGRESSIVE;
				CLANG_CXX_LANGUAGE_STANDARD = "gnu++20";
				CLANG_ENABLE_MODULES = YES;
				CLANG_ENABLE_OBJC_ARC = YES;
				CLANG_ENABLE_OBJC_WEAK = YES;
				CLANG_WARN_BLOCK_CAPTURE_AUTORELEASING = YES;
				CLANG_WARN_BOOL_CONVERSION = YES;
				CLANG_WARN_COMMA = YES;
				CLANG_WARN_CONSTANT_CONVERSION = YES;
				CLANG_WARN_DEPRECATED_OBJC_IMPLEMENTATIONS = YES;
				CLANG_WARN_DIRECT_OBJC_ISA_USAGE = YES_ERROR;
				CLANG_WARN_DOCUMENTATION_COMMENTS = YES;
				CLANG_WARN_EMPTY_BODY = YES;
				CLANG_WARN_ENUM_CONVERSION = YES;
				CLANG_WARN_INFINITE_RECURSION = YES;
				CLANG_WARN_INT_CONVERSION = YES;
				CLANG_WARN_NON_LITERAL_NULL_CONVERSION = YES;
				CLANG_WARN_OBJC_IMPLICIT_RETAIN_SELF = YES;
				CLANG_WARN_OBJC_LITERAL_CONVERSION = YES;
				CLANG_WARN_OBJC_ROOT_CLASS = YES_ERROR;
				CLANG_WARN_QUOTED_INCLUDE_IN_FRAMEWORK_HEADER = YES;
				CLANG_WARN_RANGE_LOOP_ANALYSIS = YES;
				CLANG_WARN_STRICT_PROTOTYPES = YES;
				CLANG_WARN_SUSPICIOUS_MOVE = YES;
				CLANG_WARN_UNGUARDED_AVAILABILITY = YES_AGGRESSIVE;
				CLANG_WARN_UNREACHABLE_CODE = YES;
				CLANG_WARN__DUPLICATE_METHOD_MATCH = YES;
				COPY_PHASE_STRIP = NO;
				DEBUG_INFORMATION_FORMAT = dwarf;
				ENABLE_STRICT_OBJC_MSGSEND = YES;
				ENABLE_TESTABILITY = YES;
				ENABLE_USER_SCRIPT_SANDBOXING = YES;
				GCC_C_LANGUAGE_STANDARD = gnu17;
				GCC_DYNAMIC_NO_PIC = NO;
				GCC_NO_COMMON_BLOCKS = YES;
				GCC_OPTIMIZATION_LEVEL = 0;
				GCC_PREPROCESSOR_DEFINITIONS = (
					"DEBUG=1",
					"$(inherited)",
				);
				GCC_WARN_64_TO_32_BIT_CONVERSION = YES;
				GCC_WARN_ABOUT_RETURN_TYPE = YES_ERROR;
				GCC_WARN_UNDECLARED_SELECTOR = YES;
				GCC_WARN_UNINITIALIZED_AUTOS = YES_AGGRESSIVE;
				GCC_WARN_UNUSED_FUNCTION = YES;
				GCC_WARN_UNUSED_VARIABLE = YES;
				IPHONEOS_DEPLOYMENT_TARGET = 18.0;
				ITSAppUsesNonExemptEncryption = NO;
				LOCALIZATION_PREFERS_STRING_CATALOGS = YES;
				MTL_ENABLE_DEBUG_INFO = INCLUDE_SOURCE;
				MTL_FAST_MATH = YES;
				ONLY_ACTIVE_ARCH = YES;
				SDKROOT = iphoneos;
				SWIFT_ACTIVE_COMPILATION_CONDITIONS = "DEBUG $(inherited)";
				SWIFT_OPTIMIZATION_LEVEL = "-Onone";
				SWIFT_VERSION = 6.0;
			};
			name = Debug;
		};
		CC0000000000000000000002 /* Release */ = {
			isa = XCBuildConfiguration;
			buildSettings = {
				ALWAYS_SEARCH_USER_PATHS = NO;
				ASSETCATALOG_COMPILER_GENERATE_SWIFT_ASSET_SYMBOL_EXTENSIONS = YES;
				CLANG_ANALYZER_NONNULL = YES;
				CLANG_ANALYZER_NUMBER_OBJECT_CONVERSION = YES_AGGRESSIVE;
				CLANG_CXX_LANGUAGE_STANDARD = "gnu++20";
				CLANG_ENABLE_MODULES = YES;
				CLANG_ENABLE_OBJC_ARC = YES;
				CLANG_ENABLE_OBJC_WEAK = YES;
				CLANG_WARN_BLOCK_CAPTURE_AUTORELEASING = YES;
				CLANG_WARN_BOOL_CONVERSION = YES;
				CLANG_WARN_COMMA = YES;
				CLANG_WARN_CONSTANT_CONVERSION = YES;
				CLANG_WARN_DEPRECATED_OBJC_IMPLEMENTATIONS = YES;
				CLANG_WARN_DIRECT_OBJC_ISA_USAGE = YES_ERROR;
				CLANG_WARN_DOCUMENTATION_COMMENTS = YES;
				CLANG_WARN_EMPTY_BODY = YES;
				CLANG_WARN_ENUM_CONVERSION = YES;
				CLANG_WARN_INFINITE_RECURSION = YES;
				CLANG_WARN_INT_CONVERSION = YES;
				CLANG_WARN_NON_LITERAL_NULL_CONVERSION = YES;
				CLANG_WARN_OBJC_IMPLICIT_RETAIN_SELF = YES;
				CLANG_WARN_OBJC_LITERAL_CONVERSION = YES;
				CLANG_WARN_OBJC_ROOT_CLASS = YES_ERROR;
				CLANG_WARN_QUOTED_INCLUDE_IN_FRAMEWORK_HEADER = YES;
				CLANG_WARN_RANGE_LOOP_ANALYSIS = YES;
				CLANG_WARN_STRICT_PROTOTYPES = YES;
				CLANG_WARN_SUSPICIOUS_MOVE = YES;
				CLANG_WARN_UNGUARDED_AVAILABILITY = YES_AGGRESSIVE;
				CLANG_WARN_UNREACHABLE_CODE = YES;
				CLANG_WARN__DUPLICATE_METHOD_MATCH = YES;
				COPY_PHASE_STRIP = NO;
				DEBUG_INFORMATION_FORMAT = "dwarf-with-dsym";
				ENABLE_NS_ASSERTIONS = NO;
				ENABLE_STRICT_OBJC_MSGSEND = YES;
				ENABLE_USER_SCRIPT_SANDBOXING = YES;
				GCC_C_LANGUAGE_STANDARD = gnu17;
				GCC_NO_COMMON_BLOCKS = YES;
				GCC_WARN_64_TO_32_BIT_CONVERSION = YES;
				GCC_WARN_ABOUT_RETURN_TYPE = YES_ERROR;
				GCC_WARN_UNDECLARED_SELECTOR = YES;
				GCC_WARN_UNINITIALIZED_AUTOS = YES_AGGRESSIVE;
				GCC_WARN_UNUSED_FUNCTION = YES;
				GCC_WARN_UNUSED_VARIABLE = YES;
				IPHONEOS_DEPLOYMENT_TARGET = 18.0;
				ITSAppUsesNonExemptEncryption = NO;
				LOCALIZATION_PREFERS_STRING_CATALOGS = YES;
				MTL_ENABLE_DEBUG_INFO = NO;
				MTL_FAST_MATH = YES;
				SDKROOT = iphoneos;
				SWIFT_COMPILATION_MODE = wholemodule;
				SWIFT_VERSION = 6.0;
				VALIDATE_PRODUCT = YES;
			};
			name = Release;
		};
		CC0000000000000000000003 /* Debug */ = {
			isa = XCBuildConfiguration;
			buildSettings = {
				ASSETCATALOG_COMPILER_APPICON_NAME = AppIcon;
				ASSETCATALOG_COMPILER_GLOBAL_ACCENT_COLOR_NAME = AccentColor;
				CODE_SIGN_ENTITLEMENTS = SleepLock/SleepLock.entitlements;
				CODE_SIGN_STYLE = Automatic;
				CURRENT_PROJECT_VERSION = 5;
				DEVELOPMENT_TEAM = 3N9RY9EG8V;
				ENABLE_PREVIEWS = YES;
				GENERATE_INFOPLIST_FILE = YES;
				INFOPLIST_KEY_CFBundleDisplayName = SleepLock;
				INFOPLIST_KEY_LSApplicationCategoryType = "public.app-category.healthcare-fitness";
				INFOPLIST_KEY_UIApplicationSceneManifest_Generation = YES;
				INFOPLIST_KEY_UIApplicationSupportsIndirectInputEvents = YES;
				INFOPLIST_KEY_UILaunchScreen_Generation = YES;
				INFOPLIST_KEY_UISupportedInterfaceOrientations_iPad = "UIInterfaceOrientationPortrait UIInterfaceOrientationPortraitUpsideDown UIInterfaceOrientationLandscapeLeft UIInterfaceOrientationLandscapeRight";
				INFOPLIST_KEY_UISupportedInterfaceOrientations_iPhone = "UIInterfaceOrientationPortrait UIInterfaceOrientationLandscapeLeft UIInterfaceOrientationLandscapeRight";
				IPHONEOS_DEPLOYMENT_TARGET = 18.0;
				ITSAppUsesNonExemptEncryption = NO;
				LD_RUNPATH_SEARCH_PATHS = (
					"$(inherited)",
					"@executable_path/Frameworks",
				);
				MARKETING_VERSION = 1.0;
				PRODUCT_BUNDLE_IDENTIFIER = com.clawdbonzo.SleepLock;
				PRODUCT_NAME = "$(TARGET_NAME)";
				SWIFT_EMIT_LOC_STRINGS = YES;
				SWIFT_VERSION = 6.0;
				TARGETED_DEVICE_FAMILY = 1;
			};
			name = Debug;
		};
		CC0000000000000000000004 /* Release */ = {
			isa = XCBuildConfiguration;
			buildSettings = {
				ASSETCATALOG_COMPILER_APPICON_NAME = AppIcon;
				ASSETCATALOG_COMPILER_GLOBAL_ACCENT_COLOR_NAME = AccentColor;
				CODE_SIGN_ENTITLEMENTS = SleepLock/SleepLock.entitlements;
				CODE_SIGN_STYLE = Manual;
				CURRENT_PROJECT_VERSION = 5;
				DEVELOPMENT_TEAM = 3N9RY9EG8V;
				PROVISIONING_PROFILE_SPECIFIER = "SleepLock AppStore";
				"CODE_SIGN_IDENTITY[sdk=iphoneos*]" = "Apple Distribution";
				ENABLE_PREVIEWS = YES;
				GENERATE_INFOPLIST_FILE = YES;
				INFOPLIST_KEY_CFBundleDisplayName = SleepLock;
				INFOPLIST_KEY_LSApplicationCategoryType = "public.app-category.healthcare-fitness";
				INFOPLIST_KEY_UIApplicationSceneManifest_Generation = YES;
				INFOPLIST_KEY_UIApplicationSupportsIndirectInputEvents = YES;
				INFOPLIST_KEY_UILaunchScreen_Generation = YES;
				INFOPLIST_KEY_UISupportedInterfaceOrientations_iPad = "UIInterfaceOrientationPortrait UIInterfaceOrientationPortraitUpsideDown UIInterfaceOrientationLandscapeLeft UIInterfaceOrientationLandscapeRight";
				INFOPLIST_KEY_UISupportedInterfaceOrientations_iPhone = "UIInterfaceOrientationPortrait UIInterfaceOrientationLandscapeLeft UIInterfaceOrientationLandscapeRight";
				IPHONEOS_DEPLOYMENT_TARGET = 18.0;
				ITSAppUsesNonExemptEncryption = NO;
				LD_RUNPATH_SEARCH_PATHS = (
					"$(inherited)",
					"@executable_path/Frameworks",
				);
				MARKETING_VERSION = 1.0;
				PRODUCT_BUNDLE_IDENTIFIER = com.clawdbonzo.SleepLock;
				PRODUCT_NAME = "$(TARGET_NAME)";
				SWIFT_EMIT_LOC_STRINGS = YES;
				SWIFT_VERSION = 6.0;
				TARGETED_DEVICE_FAMILY = 1;
			};
			name = Release;
		};
		CC0000000000000000000005 /* Debug */ = {
			isa = XCBuildConfiguration;
			buildSettings = {
				CODE_SIGN_ENTITLEMENTS = SleepLockWidgets/SleepLockWidgets.entitlements;
				CODE_SIGN_STYLE = Automatic;
				CURRENT_PROJECT_VERSION = 5;
				DEVELOPMENT_TEAM = 3N9RY9EG8V;
				GENERATE_INFOPLIST_FILE = NO;
				INFOPLIST_FILE = SleepLockWidgets/Info.plist;
				INFOPLIST_KEY_CFBundleDisplayName = SleepLockWidgets;
				INFOPLIST_KEY_NSHumanReadableCopyright = "";
				IPHONEOS_DEPLOYMENT_TARGET = 18.0;
				ITSAppUsesNonExemptEncryption = NO;
				LD_RUNPATH_SEARCH_PATHS = (
					"$(inherited)",
					"@executable_path/Frameworks",
					"@executable_path/../../Frameworks",
				);
				MARKETING_VERSION = 1.0;
				PRODUCT_BUNDLE_IDENTIFIER = com.clawdbonzo.SleepLock.widgets;
				PRODUCT_NAME = "$(TARGET_NAME)";
				SKIP_INSTALL = YES;
				SWIFT_EMIT_LOC_STRINGS = YES;
				SWIFT_VERSION = 6.0;
				TARGETED_DEVICE_FAMILY = 1;
			};
			name = Debug;
		};
		CC0000000000000000000006 /* Release */ = {
			isa = XCBuildConfiguration;
			buildSettings = {
				CODE_SIGN_ENTITLEMENTS = SleepLockWidgets/SleepLockWidgets.entitlements;
				CODE_SIGN_STYLE = Manual;
				CURRENT_PROJECT_VERSION = 5;
				DEVELOPMENT_TEAM = 3N9RY9EG8V;
				PROVISIONING_PROFILE_SPECIFIER = "SleepLockWidgets AppStore";
				"CODE_SIGN_IDENTITY[sdk=iphoneos*]" = "Apple Distribution";
				GENERATE_INFOPLIST_FILE = NO;
				INFOPLIST_FILE = SleepLockWidgets/Info.plist;
				INFOPLIST_KEY_CFBundleDisplayName = SleepLockWidgets;
				INFOPLIST_KEY_NSHumanReadableCopyright = "";
				IPHONEOS_DEPLOYMENT_TARGET = 18.0;
				ITSAppUsesNonExemptEncryption = NO;
				LD_RUNPATH_SEARCH_PATHS = (
					"$(inherited)",
					"@executable_path/Frameworks",
					"@executable_path/../../Frameworks",
				);
				MARKETING_VERSION = 1.0;
				PRODUCT_BUNDLE_IDENTIFIER = com.clawdbonzo.SleepLock.widgets;
				PRODUCT_NAME = "$(TARGET_NAME)";
				SKIP_INSTALL = YES;
				SWIFT_EMIT_LOC_STRINGS = YES;
				SWIFT_VERSION = 6.0;
				TARGETED_DEVICE_FAMILY = 1;
			};
			name = Release;
		};
/* End XCBuildConfiguration section */

/* Begin XCConfigurationList section */
		D40000000000000000000001 /* Build configuration list for PBXNativeTarget "SleepLock" */ = {
			isa = XCConfigurationList;
			buildConfigurations = (
				CC0000000000000000000003 /* Debug */,
				CC0000000000000000000004 /* Release */,
			);
			defaultConfigurationIsVisible = 0;
			defaultConfigurationName = Release;
		};
		D40000000000000000000002 /* Build configuration list for PBXNativeTarget "SleepLockWidgets" */ = {
			isa = XCConfigurationList;
			buildConfigurations = (
				CC0000000000000000000005 /* Debug */,
				CC0000000000000000000006 /* Release */,
			);
			defaultConfigurationIsVisible = 0;
			defaultConfigurationName = Release;
		};
		D40000000000000000000003 /* Build configuration list for PBXProject "SleepLock" */ = {
			isa = XCConfigurationList;
			buildConfigurations = (
				CC0000000000000000000001 /* Debug */,
				CC0000000000000000000002 /* Release */,
			);
			defaultConfigurationIsVisible = 0;
			defaultConfigurationName = Release;
		};
/* End XCConfigurationList section */

/* Begin XCRemoteSwiftPackageReference section */
		AB0000000000000000000001 /* XCRemoteSwiftPackageReference "purchases-ios" */ = {
			isa = XCRemoteSwiftPackageReference;
			repositoryURL = "https://github.com/RevenueCat/purchases-ios.git";
			requirement = {
				kind = upToNextMajorVersion;
				minimumVersion = 5.0.0;
			};
		};
/* End XCRemoteSwiftPackageReference section */

/* Begin XCSwiftPackageProductDependency section */
		AC0000000000000000000001 /* RevenueCat */ = {
			isa = XCSwiftPackageProductDependency;
			package = AB0000000000000000000001 /* XCRemoteSwiftPackageReference "purchases-ios" */;
			productName = RevenueCat;
		};
/* End XCSwiftPackageProductDependency section */
	};
	rootObject = C10000000000000000000001 /* Project object */;
}
